
Microsoft Visual Studio Solution File, Format Version 12.00
# Visual Studio Version 17
VisualStudioVersion = 17.7.34202.233
MinimumVisualStudioVersion = 10.0.40219.1
Project("{FAE04EC0-301F-11D3-BF4B-00C04F79EFBC}") = "DemoAPi", "DemoAPi\DemoAPi.csproj", "{4CA20EAE-C5C9-402C-B88D-26DD0835FF86}"
EndProject
Project("{FAE04EC0-301F-11D3-BF4B-00C04F79EFBC}") = "DemoApi.UnitTests", "DemoApi.UnitTests\DemoApi.UnitTests.csproj", "{C98BBC4A-B9C3-4D92-8AAA-BD97D2A17FE8}"
EndProject
Project("{FAE04EC0-301F-11D3-BF4B-00C04F79EFBC}") = "DemoApi.ContractTests", "DemoApi.ContractTests\DemoApi.ContractTests.csproj", "{57D46D61-58DC-4104-8545-64B25A111540}"
EndProject
Global
	GlobalSection(SolutionConfigurationPlatforms) = preSolution
		Debug|Any CPU = Debug|Any CPU
		Release|Any CPU = Release|Any CPU
	EndGlobalSection
	GlobalSection(ProjectConfigurationPlatforms) = postSolution
		{4CA20EAE-C5C9-402C-B88D-26DD0835FF86}.Debug|Any CPU.ActiveCfg = Debug|Any CPU
		{4CA20EAE-C5C9-402C-B88D-26DD0835FF86}.Debug|Any CPU.Build.0 = Debug|Any CPU
		{4CA20EAE-C5C9-402C-B88D-26DD0835FF86}.Release|Any CPU.ActiveCfg = Release|Any CPU
		{4CA20EAE-C5C9-402C-B88D-26DD0835FF86}.Release|Any CPU.Build.0 = Release|Any CPU
		{C98BBC4A-B9C3-4D92-8AAA-BD97D2A17FE8}.Debug|Any CPU.ActiveCfg = Debug|Any CPU
		{C98BBC4A-B9C3-4D92-8AAA-BD97D2A17FE8}.Debug|Any CPU.Build.0 = Debug|Any CPU
		{C98BBC4A-B9C3-4D92-8AAA-BD97D2A17FE8}.Release|Any CPU.ActiveCfg = Release|Any CPU
		{C98BBC4A-B9C3-4D92-8AAA-BD97D2A17FE8}.Release|Any CPU.Build.0 = Release|Any CPU
		{57D46D61-58DC-4104-8545-64B25A111540}.Debug|Any CPU.ActiveCfg = Debug|Any CPU
		{57D46D61-58DC-4104-8545-64B25A111540}.Debug|Any CPU.Build.0 = Debug|Any CPU
		{57D46D61-58DC-4104-8545-64B25A111540}.Release|Any CPU.ActiveCfg = Release|Any CPU
		{57D46D61-58DC-4104-8545-64B25A111540}.Release|Any CPU.Build.0 = Release|Any CPU
	EndGlobalSection
	GlobalSection(SolutionProperties) = preSolution
		HideSolutionNode = FALSE
	EndGlobalSection
	GlobalSection(ExtensibilityGlobals) = postSolution
		SolutionGuid = {5F1A090E-A2DE-4335-BE17-5D623BB8B3C0}
	EndGlobalSection
EndGlobal
