
Microsoft Visual Studio Solution File, Format Version 12.00
# Visual Studio Version 17
VisualStudioVersion = 17.7.34202.233
MinimumVisualStudioVersion = 10.0.40219.1
Project("{FAE04EC0-301F-11D3-BF4B-00C04F79EFBC}") = "Banking.Tests", "BankingSolution\Banking.Tests.csproj", "{C58F2A02-12E6-4AAE-81E2-1D57828FFA0F}"
EndProject
Project("{FAE04EC0-301F-11D3-BF4B-00C04F79EFBC}") = "Banking.Domain", "BankingDomain\Banking.Domain.csproj", "{3BE142CD-F338-4E66-A102-999E8F480FC3}"
EndProject
Global
	GlobalSection(SolutionConfigurationPlatforms) = preSolution
		Debug|Any CPU = Debug|Any CPU
		Release|Any CPU = Release|Any CPU
	EndGlobalSection
	GlobalSection(ProjectConfigurationPlatforms) = postSolution
		{C58F2A02-12E6-4AAE-81E2-1D57828FFA0F}.Debug|Any CPU.ActiveCfg = Debug|Any CPU
		{C58F2A02-12E6-4AAE-81E2-1D57828FFA0F}.Debug|Any CPU.Build.0 = Debug|Any CPU
		{C58F2A02-12E6-4AAE-81E2-1D57828FFA0F}.Release|Any CPU.ActiveCfg = Release|Any CPU
		{C58F2A02-12E6-4AAE-81E2-1D57828FFA0F}.Release|Any CPU.Build.0 = Release|Any CPU
		{3BE142CD-F338-4E66-A102-999E8F480FC3}.Debug|Any CPU.ActiveCfg = Debug|Any CPU
		{3BE142CD-F338-4E66-A102-999E8F480FC3}.Debug|Any CPU.Build.0 = Debug|Any CPU
		{3BE142CD-F338-4E66-A102-999E8F480FC3}.Release|Any CPU.ActiveCfg = Release|Any CPU
		{3BE142CD-F338-4E66-A102-999E8F480FC3}.Release|Any CPU.Build.0 = Release|Any CPU
	EndGlobalSection
	GlobalSection(SolutionProperties) = preSolution
		HideSolutionNode = FALSE
	EndGlobalSection
	GlobalSection(ExtensibilityGlobals) = postSolution
		SolutionGuid = {E32D8760-8418-4211-B435-CF5E54D90C8E}
	EndGlobalSection
EndGlobal
